
Microsoft Visual Studio Solution File, Format Version 12.00
# Visual Studio Version 17
VisualStudioVersion = 17.0.31808.319
MinimumVisualStudioVersion = 10.0.40219.1
Project("{FAE04EC0-301F-11D3-BF4B-00C04F79EFBC}") = "RabbitMQConsumer", "RabbitMQConsumer\RabbitMQConsumer.csproj", "{5025C0AD-2D49-46D4-9BF7-15037BCDC88A}"
EndProject
Global
	GlobalSection(SolutionConfigurationPlatforms) = preSolution
		Debug|Any CPU = Debug|Any CPU
		Release|Any CPU = Release|Any CPU
	EndGlobalSection
	GlobalSection(ProjectConfigurationPlatforms) = postSolution
		{5025C0AD-2D49-46D4-9BF7-15037BCDC88A}.Debug|Any CPU.ActiveCfg = Debug|Any CPU
		{5025C0AD-2D49-46D4-9BF7-15037BCDC88A}.Debug|Any CPU.Build.0 = Debug|Any CPU
		{5025C0AD-2D49-46D4-9BF7-15037BCDC88A}.Release|Any CPU.ActiveCfg = Release|Any CPU
		{5025C0AD-2D49-46D4-9BF7-15037BCDC88A}.Release|Any CPU.Build.0 = Release|Any CPU
	EndGlobalSection
	GlobalSection(SolutionProperties) = preSolution
		HideSolutionNode = FALSE
	EndGlobalSection
	GlobalSection(ExtensibilityGlobals) = postSolution
		SolutionGuid = {5BFA18F1-6D31-4B98-BE01-06EE702B5C98}
	EndGlobalSection
EndGlobal
